// !$*UTF8*$!
{
	archiveVersion = 1;
	classes = {
	};
	objectVersion = 51;
	objects = {

/* Begin PBXBuildFile section */
		1142563D24F1D14F00D64745 /* ButtomView.swift in Sources */ = {isa = PBXBuildFile; fileRef = 1142563C24F1D14F00D64745 /* ButtomView.swift */; };
		1142563F24F1DD0100D64745 /* UIStackView + Extension.swift in Sources */ = {isa = PBXBuildFile; fileRef = 1142563E24F1DD0100D64745 /* UIStackView + Extension.swift */; };
		1144BFAF24F3F11500E8AD97 /* LoginViewController.swift in Sources */ = {isa = PBXBuildFile; fileRef = 1144BFAE24F3F11500E8AD97 /* LoginViewController.swift */; };
		1144BFB124F4280F00E8AD97 /* SetupProfileViewController.swift in Sources */ = {isa = PBXBuildFile; fileRef = 1144BFB024F4280F00E8AD97 /* SetupProfileViewController.swift */; };
		1144BFB324F429C800E8AD97 /* AddPhotoView.swift in Sources */ = {isa = PBXBuildFile; fileRef = 1144BFB224F429C800E8AD97 /* AddPhotoView.swift */; };
		1144BFB724F46A9700E8AD97 /* SegmentedControl + Extension.swift in Sources */ = {isa = PBXBuildFile; fileRef = 1144BFB624F46A9700E8AD97 /* SegmentedControl + Extension.swift */; };
		1144C51624F2911600D10785 /* SignUpViewController.swift in Sources */ = {isa = PBXBuildFile; fileRef = 1144C51524F2911600D10785 /* SignUpViewController.swift */; };
		1144C51824F296E900D10785 /* OneLineTextField.swift in Sources */ = {isa = PBXBuildFile; fileRef = 1144C51724F296E900D10785 /* OneLineTextField.swift */; };
		1144DA992502A18000982ECB /* InsertableTextField.swift in Sources */ = {isa = PBXBuildFile; fileRef = 1144DA982502A18000982ECB /* InsertableTextField.swift */; };
		1144DA9B2502D24200982ECB /* ChatRequestViewController.swift in Sources */ = {isa = PBXBuildFile; fileRef = 1144DA9A2502D24200982ECB /* ChatRequestViewController.swift */; };
		114531F12501AD3E00EDA6F7 /* ProfileViewController.swift in Sources */ = {isa = PBXBuildFile; fileRef = 114531F02501AD3E00EDA6F7 /* ProfileViewController.swift */; };
		1146660224F17CA100281B40 /* UIButton + Extension.swift in Sources */ = {isa = PBXBuildFile; fileRef = 1146660124F17CA100281B40 /* UIButton + Extension.swift */; };
		1146660424F182A900281B40 /* UIFont + Extension.swift in Sources */ = {isa = PBXBuildFile; fileRef = 1146660324F182A900281B40 /* UIFont + Extension.swift */; };
		1146660624F187ED00281B40 /* UIColor + Extension.swift in Sources */ = {isa = PBXBuildFile; fileRef = 1146660524F187ED00281B40 /* UIColor + Extension.swift */; };
		1146660824F18B0900281B40 /* UILabel + Extension.swift in Sources */ = {isa = PBXBuildFile; fileRef = 1146660724F18B0900281B40 /* UILabel + Extension.swift */; };
		1146660A24F18C9A00281B40 /* UIImageView + Extension.swift in Sources */ = {isa = PBXBuildFile; fileRef = 1146660924F18C9A00281B40 /* UIImageView + Extension.swift */; };
		114706A725068B8500816487 /* AuthNavigatingDelegate.swift in Sources */ = {isa = PBXBuildFile; fileRef = 114706A625068B8500816487 /* AuthNavigatingDelegate.swift */; };
		114706A92506D22C00816487 /* FirestoreService.swift in Sources */ = {isa = PBXBuildFile; fileRef = 114706A82506D22C00816487 /* FirestoreService.swift */; };
		114706AB2506D6AD00816487 /* UserError.swift in Sources */ = {isa = PBXBuildFile; fileRef = 114706AA2506D6AD00816487 /* UserError.swift */; };
		11470BBB2500568D00DA7FBD /* ChatModel.swift in Sources */ = {isa = PBXBuildFile; fileRef = 11470BBA2500568D00DA7FBD /* ChatModel.swift */; };
		11470BBD2500569C00DA7FBD /* UserModel.swift in Sources */ = {isa = PBXBuildFile; fileRef = 11470BBC2500569C00DA7FBD /* UserModel.swift */; };
		11470BBF25006B9400DA7FBD /* users.json in Resources */ = {isa = PBXBuildFile; fileRef = 11470BBE25006B9400DA7FBD /* users.json */; };
		1147A89A2503FFA200F9D0A0 /* GoogleService-Info.plist in Resources */ = {isa = PBXBuildFile; fileRef = 1147A8992503FFA200F9D0A0 /* GoogleService-Info.plist */; };
		1147A89D2504329600F9D0A0 /* AuthService.swift in Sources */ = {isa = PBXBuildFile; fileRef = 1147A89C2504329600F9D0A0 /* AuthService.swift */; };
		1147A89F250454D100F9D0A0 /* Validators.swift in Sources */ = {isa = PBXBuildFile; fileRef = 1147A89E250454D100F9D0A0 /* Validators.swift */; };
		1147A8A12504575000F9D0A0 /* AuthError.swift in Sources */ = {isa = PBXBuildFile; fileRef = 1147A8A02504575000F9D0A0 /* AuthError.swift */; };
		1148992A24FCD54600E21958 /* waitingChats.json in Resources */ = {isa = PBXBuildFile; fileRef = 1148992824FCD54600E21958 /* waitingChats.json */; };
		1148992B24FCD54600E21958 /* activeChats.json in Resources */ = {isa = PBXBuildFile; fileRef = 1148992924FCD54600E21958 /* activeChats.json */; };
		1148992D24FCD66000E21958 /* Bundle-Decodable.swift in Sources */ = {isa = PBXBuildFile; fileRef = 1148992C24FCD66000E21958 /* Bundle-Decodable.swift */; };
		11507A2F250154530008EBD8 /* UserCell.swift in Sources */ = {isa = PBXBuildFile; fileRef = 11507A2E250154530008EBD8 /* UserCell.swift */; };
		11507A312501568C0008EBD8 /* UIViewController + Extension.swift in Sources */ = {isa = PBXBuildFile; fileRef = 11507A302501568C0008EBD8 /* UIViewController + Extension.swift */; };
		1152B83C24FAA1BC00735DE4 /* ListViewController.swift in Sources */ = {isa = PBXBuildFile; fileRef = 1152B83B24FAA1BC00735DE4 /* ListViewController.swift */; };
		1152B83F24FAAC4700735DE4 /* MainTabBarController.swift in Sources */ = {isa = PBXBuildFile; fileRef = 1152B83E24FAAC4700735DE4 /* MainTabBarController.swift */; };
		1152B84324FAACCC00735DE4 /* PeopleViewController.swift in Sources */ = {isa = PBXBuildFile; fileRef = 1152B84224FAACCC00735DE4 /* PeopleViewController.swift */; };
		117BDC9224FEB4BD00FA9102 /* ActiveChatCell.swift in Sources */ = {isa = PBXBuildFile; fileRef = 117BDC9124FEB4BD00FA9102 /* ActiveChatCell.swift */; };
		117BDC9424FEEB9900FA9102 /* GradientView.swift in Sources */ = {isa = PBXBuildFile; fileRef = 117BDC9324FEEB9900FA9102 /* GradientView.swift */; };
		117BDC9624FEF6B100FA9102 /* WaitingChatCell.swift in Sources */ = {isa = PBXBuildFile; fileRef = 117BDC9524FEF6B100FA9102 /* WaitingChatCell.swift */; };
		117BDC9B24FEFAD100FA9102 /* SelfConfiguringCell.swift in Sources */ = {isa = PBXBuildFile; fileRef = 117BDC9A24FEFAD100FA9102 /* SelfConfiguringCell.swift */; };
		117BDC9D24FF067A00FA9102 /* SectionHeader.swift in Sources */ = {isa = PBXBuildFile; fileRef = 117BDC9C24FF067A00FA9102 /* SectionHeader.swift */; };
		11EAAD2524EEEC4100BA3690 /* AppDelegate.swift in Sources */ = {isa = PBXBuildFile; fileRef = 11EAAD2424EEEC4100BA3690 /* AppDelegate.swift */; };
		11EAAD2724EEEC4100BA3690 /* SceneDelegate.swift in Sources */ = {isa = PBXBuildFile; fileRef = 11EAAD2624EEEC4100BA3690 /* SceneDelegate.swift */; };
		11EAAD2924EEEC4100BA3690 /* AuthViewController.swift in Sources */ = {isa = PBXBuildFile; fileRef = 11EAAD2824EEEC4100BA3690 /* AuthViewController.swift */; };
		11EAAD2E24EEEC4100BA3690 /* Assets.xcassets in Resources */ = {isa = PBXBuildFile; fileRef = 11EAAD2D24EEEC4100BA3690 /* Assets.xcassets */; };
		11EAAD3124EEEC4100BA3690 /* LaunchScreen.storyboard in Resources */ = {isa = PBXBuildFile; fileRef = 11EAAD2F24EEEC4100BA3690 /* LaunchScreen.storyboard */; };
		FC882C3CB9C68C3E212000B1 /* Pods_iChat.framework in Frameworks */ = {isa = PBXBuildFile; fileRef = F65E5AAB0C1ED45D13977B37 /* Pods_iChat.framework */; };
/* End PBXBuildFile section */

/* Begin PBXFileReference section */
		106F76DE49E487BD816B6B9D /* Pods-iChat.release.xcconfig */ = {isa = PBXFileReference; includeInIndex = 1; lastKnownFileType = text.xcconfig; name = "Pods-iChat.release.xcconfig"; path = "Target Support Files/Pods-iChat/Pods-iChat.release.xcconfig"; sourceTree = "<group>"; };
		1142563C24F1D14F00D64745 /* ButtomView.swift */ = {isa = PBXFileReference; lastKnownFileType = sourcecode.swift; path = ButtomView.swift; sourceTree = "<group>"; };
		1142563E24F1DD0100D64745 /* UIStackView + Extension.swift */ = {isa = PBXFileReference; lastKnownFileType = sourcecode.swift; path = "UIStackView + Extension.swift"; sourceTree = "<group>"; };
		1144BFAE24F3F11500E8AD97 /* LoginViewController.swift */ = {isa = PBXFileReference; lastKnownFileType = sourcecode.swift; path = LoginViewController.swift; sourceTree = "<group>"; };
		1144BFB024F4280F00E8AD97 /* SetupProfileViewController.swift */ = {isa = PBXFileReference; lastKnownFileType = sourcecode.swift; path = SetupProfileViewController.swift; sourceTree = "<group>"; };
		1144BFB224F429C800E8AD97 /* AddPhotoView.swift */ = {isa = PBXFileReference; lastKnownFileType = sourcecode.swift; path = AddPhotoView.swift; sourceTree = "<group>"; };
		1144BFB624F46A9700E8AD97 /* SegmentedControl + Extension.swift */ = {isa = PBXFileReference; lastKnownFileType = sourcecode.swift; path = "SegmentedControl + Extension.swift"; sourceTree = "<group>"; };
		1144C51524F2911600D10785 /* SignUpViewController.swift */ = {isa = PBXFileReference; lastKnownFileType = sourcecode.swift; path = SignUpViewController.swift; sourceTree = "<group>"; };
		1144C51724F296E900D10785 /* OneLineTextField.swift */ = {isa = PBXFileReference; lastKnownFileType = sourcecode.swift; path = OneLineTextField.swift; sourceTree = "<group>"; };
		1144DA982502A18000982ECB /* InsertableTextField.swift */ = {isa = PBXFileReference; lastKnownFileType = sourcecode.swift; path = InsertableTextField.swift; sourceTree = "<group>"; };
		1144DA9A2502D24200982ECB /* ChatRequestViewController.swift */ = {isa = PBXFileReference; lastKnownFileType = sourcecode.swift; path = ChatRequestViewController.swift; sourceTree = "<group>"; };
		114531F02501AD3E00EDA6F7 /* ProfileViewController.swift */ = {isa = PBXFileReference; lastKnownFileType = sourcecode.swift; path = ProfileViewController.swift; sourceTree = "<group>"; };
		1146660124F17CA100281B40 /* UIButton + Extension.swift */ = {isa = PBXFileReference; lastKnownFileType = sourcecode.swift; path = "UIButton + Extension.swift"; sourceTree = "<group>"; };
		1146660324F182A900281B40 /* UIFont + Extension.swift */ = {isa = PBXFileReference; lastKnownFileType = sourcecode.swift; path = "UIFont + Extension.swift"; sourceTree = "<group>"; };
		1146660524F187ED00281B40 /* UIColor + Extension.swift */ = {isa = PBXFileReference; lastKnownFileType = sourcecode.swift; path = "UIColor + Extension.swift"; sourceTree = "<group>"; };
		1146660724F18B0900281B40 /* UILabel + Extension.swift */ = {isa = PBXFileReference; lastKnownFileType = sourcecode.swift; path = "UILabel + Extension.swift"; sourceTree = "<group>"; };
		1146660924F18C9A00281B40 /* UIImageView + Extension.swift */ = {isa = PBXFileReference; lastKnownFileType = sourcecode.swift; path = "UIImageView + Extension.swift"; sourceTree = "<group>"; };
		114706A625068B8500816487 /* AuthNavigatingDelegate.swift */ = {isa = PBXFileReference; lastKnownFileType = sourcecode.swift; path = AuthNavigatingDelegate.swift; sourceTree = "<group>"; };
		114706A82506D22C00816487 /* FirestoreService.swift */ = {isa = PBXFileReference; lastKnownFileType = sourcecode.swift; path = FirestoreService.swift; sourceTree = "<group>"; };
		114706AA2506D6AD00816487 /* UserError.swift */ = {isa = PBXFileReference; lastKnownFileType = sourcecode.swift; path = UserError.swift; sourceTree = "<group>"; };
		11470BBA2500568D00DA7FBD /* ChatModel.swift */ = {isa = PBXFileReference; lastKnownFileType = sourcecode.swift; path = ChatModel.swift; sourceTree = "<group>"; };
		11470BBC2500569C00DA7FBD /* UserModel.swift */ = {isa = PBXFileReference; lastKnownFileType = sourcecode.swift; path = UserModel.swift; sourceTree = "<group>"; };
		11470BBE25006B9400DA7FBD /* users.json */ = {isa = PBXFileReference; fileEncoding = 4; lastKnownFileType = text.json; name = users.json; path = "../../../../../../[SwiftBook] Программирование на Swift/28. Курс По Мессенджеру IChat/21. App Users Screen Cells/21. урок/IChat/users.json"; sourceTree = "<group>"; };
		1147A8992503FFA200F9D0A0 /* GoogleService-Info.plist */ = {isa = PBXFileReference; fileEncoding = 4; lastKnownFileType = text.plist.xml; name = "GoogleService-Info.plist"; path = "../../../../../Downloads/GoogleService-Info.plist"; sourceTree = "<group>"; };
		1147A89C2504329600F9D0A0 /* AuthService.swift */ = {isa = PBXFileReference; lastKnownFileType = sourcecode.swift; path = AuthService.swift; sourceTree = "<group>"; };
		1147A89E250454D100F9D0A0 /* Validators.swift */ = {isa = PBXFileReference; lastKnownFileType = sourcecode.swift; path = Validators.swift; sourceTree = "<group>"; };
		1147A8A02504575000F9D0A0 /* AuthError.swift */ = {isa = PBXFileReference; lastKnownFileType = sourcecode.swift; path = AuthError.swift; sourceTree = "<group>"; };
		1148992824FCD54600E21958 /* waitingChats.json */ = {isa = PBXFileReference; fileEncoding = 4; lastKnownFileType = text.json; name = waitingChats.json; path = ../../../../../waitingChats.json; sourceTree = "<group>"; };
		1148992924FCD54600E21958 /* activeChats.json */ = {isa = PBXFileReference; fileEncoding = 4; lastKnownFileType = text.json; name = activeChats.json; path = ../../../../../activeChats.json; sourceTree = "<group>"; };
		1148992C24FCD66000E21958 /* Bundle-Decodable.swift */ = {isa = PBXFileReference; lastKnownFileType = sourcecode.swift; path = "Bundle-Decodable.swift"; sourceTree = "<group>"; };
		11507A2E250154530008EBD8 /* UserCell.swift */ = {isa = PBXFileReference; lastKnownFileType = sourcecode.swift; path = UserCell.swift; sourceTree = "<group>"; };
		11507A302501568C0008EBD8 /* UIViewController + Extension.swift */ = {isa = PBXFileReference; lastKnownFileType = sourcecode.swift; path = "UIViewController + Extension.swift"; sourceTree = "<group>"; };
		1152B83B24FAA1BC00735DE4 /* ListViewController.swift */ = {isa = PBXFileReference; lastKnownFileType = sourcecode.swift; path = ListViewController.swift; sourceTree = "<group>"; };
		1152B83E24FAAC4700735DE4 /* MainTabBarController.swift */ = {isa = PBXFileReference; lastKnownFileType = sourcecode.swift; path = MainTabBarController.swift; sourceTree = "<group>"; };
		1152B84224FAACCC00735DE4 /* PeopleViewController.swift */ = {isa = PBXFileReference; lastKnownFileType = sourcecode.swift; path = PeopleViewController.swift; sourceTree = "<group>"; };
		117BDC9124FEB4BD00FA9102 /* ActiveChatCell.swift */ = {isa = PBXFileReference; lastKnownFileType = sourcecode.swift; path = ActiveChatCell.swift; sourceTree = "<group>"; };
		117BDC9324FEEB9900FA9102 /* GradientView.swift */ = {isa = PBXFileReference; lastKnownFileType = sourcecode.swift; path = GradientView.swift; sourceTree = "<group>"; };
		117BDC9524FEF6B100FA9102 /* WaitingChatCell.swift */ = {isa = PBXFileReference; lastKnownFileType = sourcecode.swift; path = WaitingChatCell.swift; sourceTree = "<group>"; };
		117BDC9A24FEFAD100FA9102 /* SelfConfiguringCell.swift */ = {isa = PBXFileReference; lastKnownFileType = sourcecode.swift; path = SelfConfiguringCell.swift; sourceTree = "<group>"; };
		117BDC9C24FF067A00FA9102 /* SectionHeader.swift */ = {isa = PBXFileReference; lastKnownFileType = sourcecode.swift; path = SectionHeader.swift; sourceTree = "<group>"; };
		11EAAD2124EEEC4100BA3690 /* iChat.app */ = {isa = PBXFileReference; explicitFileType = wrapper.application; includeInIndex = 0; path = iChat.app; sourceTree = BUILT_PRODUCTS_DIR; };
		11EAAD2424EEEC4100BA3690 /* AppDelegate.swift */ = {isa = PBXFileReference; lastKnownFileType = sourcecode.swift; path = AppDelegate.swift; sourceTree = "<group>"; };
		11EAAD2624EEEC4100BA3690 /* SceneDelegate.swift */ = {isa = PBXFileReference; lastKnownFileType = sourcecode.swift; path = SceneDelegate.swift; sourceTree = "<group>"; };
		11EAAD2824EEEC4100BA3690 /* AuthViewController.swift */ = {isa = PBXFileReference; lastKnownFileType = sourcecode.swift; path = AuthViewController.swift; sourceTree = "<group>"; };
		11EAAD2D24EEEC4100BA3690 /* Assets.xcassets */ = {isa = PBXFileReference; lastKnownFileType = folder.assetcatalog; path = Assets.xcassets; sourceTree = "<group>"; };
		11EAAD3024EEEC4100BA3690 /* Base */ = {isa = PBXFileReference; lastKnownFileType = file.storyboard; name = Base; path = Base.lproj/LaunchScreen.storyboard; sourceTree = "<group>"; };
		11EAAD3224EEEC4100BA3690 /* Info.plist */ = {isa = PBXFileReference; lastKnownFileType = text.plist.xml; path = Info.plist; sourceTree = "<group>"; };
		41278FC622D3476A21917B51 /* Pods-iChat.debug.xcconfig */ = {isa = PBXFileReference; includeInIndex = 1; lastKnownFileType = text.xcconfig; name = "Pods-iChat.debug.xcconfig"; path = "Target Support Files/Pods-iChat/Pods-iChat.debug.xcconfig"; sourceTree = "<group>"; };
		F65E5AAB0C1ED45D13977B37 /* Pods_iChat.framework */ = {isa = PBXFileReference; explicitFileType = wrapper.framework; includeInIndex = 0; path = Pods_iChat.framework; sourceTree = BUILT_PRODUCTS_DIR; };
/* End PBXFileReference section */

/* Begin PBXFrameworksBuildPhase section */
		11EAAD1E24EEEC4100BA3690 /* Frameworks */ = {
			isa = PBXFrameworksBuildPhase;
			buildActionMask = 2147483647;
			files = (
				FC882C3CB9C68C3E212000B1 /* Pods_iChat.framework in Frameworks */,
			);
			runOnlyForDeploymentPostprocessing = 0;
		};
/* End PBXFrameworksBuildPhase section */

/* Begin PBXGroup section */
		0526F40B6221C445069A41CE /* Frameworks */ = {
			isa = PBXGroup;
			children = (
				F65E5AAB0C1ED45D13977B37 /* Pods_iChat.framework */,
			);
			name = Frameworks;
			sourceTree = "<group>";
		};
		1142563A24F1C8D600D64745 /* UIKit */ = {
			isa = PBXGroup;
			children = (
				11507A302501568C0008EBD8 /* UIViewController + Extension.swift */,
				1146660124F17CA100281B40 /* UIButton + Extension.swift */,
				1146660324F182A900281B40 /* UIFont + Extension.swift */,
				1146660524F187ED00281B40 /* UIColor + Extension.swift */,
				1146660724F18B0900281B40 /* UILabel + Extension.swift */,
				1146660924F18C9A00281B40 /* UIImageView + Extension.swift */,
				1142563E24F1DD0100D64745 /* UIStackView + Extension.swift */,
				1144BFB624F46A9700E8AD97 /* SegmentedControl + Extension.swift */,
				1148992924FCD54600E21958 /* activeChats.json */,
				1148992824FCD54600E21958 /* waitingChats.json */,
				11470BBE25006B9400DA7FBD /* users.json */,
			);
			path = UIKit;
			sourceTree = "<group>";
		};
		1142563B24F1C8EB00D64745 /* Extensions */ = {
			isa = PBXGroup;
			children = (
				1144DA982502A18000982ECB /* InsertableTextField.swift */,
				117BDC9324FEEB9900FA9102 /* GradientView.swift */,
				1144BFB224F429C800E8AD97 /* AddPhotoView.swift */,
				1142563C24F1D14F00D64745 /* ButtomView.swift */,
				1144C51724F296E900D10785 /* OneLineTextField.swift */,
				1148992C24FCD66000E21958 /* Bundle-Decodable.swift */,
				1142563A24F1C8D600D64745 /* UIKit */,
			);
			path = Extensions;
			sourceTree = "<group>";
		};
		11470BB92500567700DA7FBD /* Models */ = {
			isa = PBXGroup;
			children = (
				11470BBA2500568D00DA7FBD /* ChatModel.swift */,
				11470BBC2500569C00DA7FBD /* UserModel.swift */,
			);
			path = Models;
			sourceTree = "<group>";
		};
		1147A89B2504326D00F9D0A0 /* Services */ = {
			isa = PBXGroup;
			children = (
				1147A89C2504329600F9D0A0 /* AuthService.swift */,
				114706A82506D22C00816487 /* FirestoreService.swift */,
			);
			path = Services;
			sourceTree = "<group>";
		};
		1147A8A2250461BD00F9D0A0 /* Helpers */ = {
			isa = PBXGroup;
			children = (
				1147A89E250454D100F9D0A0 /* Validators.swift */,
				1147A8A02504575000F9D0A0 /* AuthError.swift */,
				114706AA2506D6AD00816487 /* UserError.swift */,
			);
			path = Helpers;
			sourceTree = "<group>";
		};
		11507A2D250146C60008EBD8 /* Header */ = {
			isa = PBXGroup;
			children = (
				117BDC9C24FF067A00FA9102 /* SectionHeader.swift */,
			);
			path = Header;
			sourceTree = "<group>";
		};
		1152B83D24FAA64E00735DE4 /* Auth&SignIn */ = {
			isa = PBXGroup;
			children = (
				11EAAD2824EEEC4100BA3690 /* AuthViewController.swift */,
				1144C51524F2911600D10785 /* SignUpViewController.swift */,
				1144BFAE24F3F11500E8AD97 /* LoginViewController.swift */,
				1144BFB024F4280F00E8AD97 /* SetupProfileViewController.swift */,
			);
			path = "Auth&SignIn";
			sourceTree = "<group>";
		};
		1152B84424FAB39200735DE4 /* Controllers */ = {
			isa = PBXGroup;
			children = (
				11470BB92500567700DA7FBD /* Models */,
				117BDC9024FEB4A100FA9102 /* Cell */,
				11507A2D250146C60008EBD8 /* Header */,
				1152B83E24FAAC4700735DE4 /* MainTabBarController.swift */,
				1152B83B24FAA1BC00735DE4 /* ListViewController.swift */,
				1152B84224FAACCC00735DE4 /* PeopleViewController.swift */,
				114531F02501AD3E00EDA6F7 /* ProfileViewController.swift */,
				1144DA9A2502D24200982ECB /* ChatRequestViewController.swift */,
			);
			path = Controllers;
			sourceTree = "<group>";
		};
		117BDC9024FEB4A100FA9102 /* Cell */ = {
			isa = PBXGroup;
			children = (
				117BDC9124FEB4BD00FA9102 /* ActiveChatCell.swift */,
				117BDC9524FEF6B100FA9102 /* WaitingChatCell.swift */,
				11507A2E250154530008EBD8 /* UserCell.swift */,
			);
			path = Cell;
			sourceTree = "<group>";
		};
		117BDC9724FEFA8200FA9102 /* Protocols */ = {
			isa = PBXGroup;
			children = (
				117BDC9A24FEFAD100FA9102 /* SelfConfiguringCell.swift */,
				114706A625068B8500816487 /* AuthNavigatingDelegate.swift */,
			);
			path = Protocols;
			sourceTree = "<group>";
		};
		11EAAD1824EEEC4100BA3690 = {
			isa = PBXGroup;
			children = (
				11EAAD2324EEEC4100BA3690 /* iChat */,
				11EAAD2224EEEC4100BA3690 /* Products */,
				5C28B1A09C36D92E90227D8D /* Pods */,
				0526F40B6221C445069A41CE /* Frameworks */,
			);
			sourceTree = "<group>";
		};
		11EAAD2224EEEC4100BA3690 /* Products */ = {
			isa = PBXGroup;
			children = (
				11EAAD2124EEEC4100BA3690 /* iChat.app */,
			);
			name = Products;
			sourceTree = "<group>";
		};
		11EAAD2324EEEC4100BA3690 /* iChat */ = {
			isa = PBXGroup;
			children = (
				11EAAD2424EEEC4100BA3690 /* AppDelegate.swift */,
				11EAAD2624EEEC4100BA3690 /* SceneDelegate.swift */,
				1147A89B2504326D00F9D0A0 /* Services */,
				1152B83D24FAA64E00735DE4 /* Auth&SignIn */,
				1152B84424FAB39200735DE4 /* Controllers */,
				117BDC9724FEFA8200FA9102 /* Protocols */,
				1142563B24F1C8EB00D64745 /* Extensions */,
				1147A8A2250461BD00F9D0A0 /* Helpers */,
				11EAAD2D24EEEC4100BA3690 /* Assets.xcassets */,
				11EAAD2F24EEEC4100BA3690 /* LaunchScreen.storyboard */,
				11EAAD3224EEEC4100BA3690 /* Info.plist */,
				1147A8992503FFA200F9D0A0 /* GoogleService-Info.plist */,
			);
			path = iChat;
			sourceTree = "<group>";
		};
		5C28B1A09C36D92E90227D8D /* Pods */ = {
			isa = PBXGroup;
			children = (
				41278FC622D3476A21917B51 /* Pods-iChat.debug.xcconfig */,
				106F76DE49E487BD816B6B9D /* Pods-iChat.release.xcconfig */,
			);
			path = Pods;
			sourceTree = "<group>";
		};
/* End PBXGroup section */

/* Begin PBXNativeTarget section */
		11EAAD2024EEEC4100BA3690 /* iChat */ = {
			isa = PBXNativeTarget;
			buildConfigurationList = 11EAAD3524EEEC4100BA3690 /* Build configuration list for PBXNativeTarget "iChat" */;
			buildPhases = (
				119271CB8138D51D48045AE7 /* [CP] Check Pods Manifest.lock */,
				11EAAD1D24EEEC4100BA3690 /* Sources */,
				11EAAD1E24EEEC4100BA3690 /* Frameworks */,
				11EAAD1F24EEEC4100BA3690 /* Resources */,
				D601DEA7414FFDDF707D42D0 /* [CP] Embed Pods Frameworks */,
			);
			buildRules = (
			);
			dependencies = (
			);
			name = iChat;
			productName = iChat;
			productReference = 11EAAD2124EEEC4100BA3690 /* iChat.app */;
			productType = "com.apple.product-type.application";
		};
/* End PBXNativeTarget section */

/* Begin PBXProject section */
		11EAAD1924EEEC4100BA3690 /* Project object */ = {
			isa = PBXProject;
			attributes = {
				LastSwiftUpdateCheck = 1160;
				LastUpgradeCheck = 1160;
				ORGANIZATIONNAME = "Никита";
				TargetAttributes = {
					11EAAD2024EEEC4100BA3690 = {
						CreatedOnToolsVersion = 11.6;
					};
				};
			};
			buildConfigurationList = 11EAAD1C24EEEC4100BA3690 /* Build configuration list for PBXProject "iChat" */;
			compatibilityVersion = "Xcode 9.3";
			developmentRegion = en;
			hasScannedForEncodings = 0;
			knownRegions = (
				en,
				Base,
			);
			mainGroup = 11EAAD1824EEEC4100BA3690;
			productRefGroup = 11EAAD2224EEEC4100BA3690 /* Products */;
			projectDirPath = "";
			projectRoot = "";
			targets = (
				11EAAD2024EEEC4100BA3690 /* iChat */,
			);
		};
/* End PBXProject section */

/* Begin PBXResourcesBuildPhase section */
		11EAAD1F24EEEC4100BA3690 /* Resources */ = {
			isa = PBXResourcesBuildPhase;
			buildActionMask = 2147483647;
			files = (
				11470BBF25006B9400DA7FBD /* users.json in Resources */,
				1148992A24FCD54600E21958 /* waitingChats.json in Resources */,
				11EAAD3124EEEC4100BA3690 /* LaunchScreen.storyboard in Resources */,
				11EAAD2E24EEEC4100BA3690 /* Assets.xcassets in Resources */,
				1148992B24FCD54600E21958 /* activeChats.json in Resources */,
				1147A89A2503FFA200F9D0A0 /* GoogleService-Info.plist in Resources */,
			);
			runOnlyForDeploymentPostprocessing = 0;
		};
/* End PBXResourcesBuildPhase section */

/* Begin PBXShellScriptBuildPhase section */
		119271CB8138D51D48045AE7 /* [CP] Check Pods Manifest.lock */ = {
			isa = PBXShellScriptBuildPhase;
			buildActionMask = 2147483647;
			files = (
			);
			inputFileListPaths = (
			);
			inputPaths = (
				"${PODS_PODFILE_DIR_PATH}/Podfile.lock",
				"${PODS_ROOT}/Manifest.lock",
			);
			name = "[CP] Check Pods Manifest.lock";
			outputFileListPaths = (
			);
			outputPaths = (
				"$(DERIVED_FILE_DIR)/Pods-iChat-checkManifestLockResult.txt",
			);
			runOnlyForDeploymentPostprocessing = 0;
			shellPath = /bin/sh;
			shellScript = "diff \"${PODS_PODFILE_DIR_PATH}/Podfile.lock\" \"${PODS_ROOT}/Manifest.lock\" > /dev/null\nif [ $? != 0 ] ; then\n    # print error to STDERR\n    echo \"error: The sandbox is not in sync with the Podfile.lock. Run 'pod install' or update your CocoaPods installation.\" >&2\n    exit 1\nfi\n# This output is used by Xcode 'outputs' to avoid re-running this script phase.\necho \"SUCCESS\" > \"${SCRIPT_OUTPUT_FILE_0}\"\n";
			showEnvVarsInLog = 0;
		};
		D601DEA7414FFDDF707D42D0 /* [CP] Embed Pods Frameworks */ = {
			isa = PBXShellScriptBuildPhase;
			buildActionMask = 2147483647;
			files = (
			);
			inputFileListPaths = (
				"${PODS_ROOT}/Target Support Files/Pods-iChat/Pods-iChat-frameworks-${CONFIGURATION}-input-files.xcfilelist",
			);
			name = "[CP] Embed Pods Frameworks";
			outputFileListPaths = (
				"${PODS_ROOT}/Target Support Files/Pods-iChat/Pods-iChat-frameworks-${CONFIGURATION}-output-files.xcfilelist",
			);
			runOnlyForDeploymentPostprocessing = 0;
			shellPath = /bin/sh;
			shellScript = "\"${PODS_ROOT}/Target Support Files/Pods-iChat/Pods-iChat-frameworks.sh\"\n";
			showEnvVarsInLog = 0;
		};
/* End PBXShellScriptBuildPhase section */

/* Begin PBXSourcesBuildPhase section */
		11EAAD1D24EEEC4100BA3690 /* Sources */ = {
			isa = PBXSourcesBuildPhase;
			buildActionMask = 2147483647;
			files = (
				1152B83F24FAAC4700735DE4 /* MainTabBarController.swift in Sources */,
				114706A92506D22C00816487 /* FirestoreService.swift in Sources */,
				1152B83C24FAA1BC00735DE4 /* ListViewController.swift in Sources */,
				114706AB2506D6AD00816487 /* UserError.swift in Sources */,
				1144DA9B2502D24200982ECB /* ChatRequestViewController.swift in Sources */,
				117BDC9D24FF067A00FA9102 /* SectionHeader.swift in Sources */,
				117BDC9424FEEB9900FA9102 /* GradientView.swift in Sources */,
				1144C51624F2911600D10785 /* SignUpViewController.swift in Sources */,
				1146660424F182A900281B40 /* UIFont + Extension.swift in Sources */,
				117BDC9224FEB4BD00FA9102 /* ActiveChatCell.swift in Sources */,
				114706A725068B8500816487 /* AuthNavigatingDelegate.swift in Sources */,
				1142563D24F1D14F00D64745 /* ButtomView.swift in Sources */,
				1152B84324FAACCC00735DE4 /* PeopleViewController.swift in Sources */,
				11EAAD2924EEEC4100BA3690 /* AuthViewController.swift in Sources */,
				1144DA992502A18000982ECB /* InsertableTextField.swift in Sources */,
				1148992D24FCD66000E21958 /* Bundle-Decodable.swift in Sources */,
				11470BBB2500568D00DA7FBD /* ChatModel.swift in Sources */,
				114531F12501AD3E00EDA6F7 /* ProfileViewController.swift in Sources */,
				1144BFB124F4280F00E8AD97 /* SetupProfileViewController.swift in Sources */,
				1144C51824F296E900D10785 /* OneLineTextField.swift in Sources */,
				1142563F24F1DD0100D64745 /* UIStackView + Extension.swift in Sources */,
				1144BFB324F429C800E8AD97 /* AddPhotoView.swift in Sources */,
				11470BBD2500569C00DA7FBD /* UserModel.swift in Sources */,
				11EAAD2524EEEC4100BA3690 /* AppDelegate.swift in Sources */,
				1146660824F18B0900281B40 /* UILabel + Extension.swift in Sources */,
				1144BFB724F46A9700E8AD97 /* SegmentedControl + Extension.swift in Sources */,
				11507A2F250154530008EBD8 /* UserCell.swift in Sources */,
				11507A312501568C0008EBD8 /* UIViewController + Extension.swift in Sources */,
				117BDC9B24FEFAD100FA9102 /* SelfConfiguringCell.swift in Sources */,
				1147A89F250454D100F9D0A0 /* Validators.swift in Sources */,
				117BDC9624FEF6B100FA9102 /* WaitingChatCell.swift in Sources */,
				1147A89D2504329600F9D0A0 /* AuthService.swift in Sources */,
				1146660A24F18C9A00281B40 /* UIImageView + Extension.swift in Sources */,
				1146660624F187ED00281B40 /* UIColor + Extension.swift in Sources */,
				11EAAD2724EEEC4100BA3690 /* SceneDelegate.swift in Sources */,
				1144BFAF24F3F11500E8AD97 /* LoginViewController.swift in Sources */,
				1146660224F17CA100281B40 /* UIButton + Extension.swift in Sources */,
				1147A8A12504575000F9D0A0 /* AuthError.swift in Sources */,
			);
			runOnlyForDeploymentPostprocessing = 0;
		};
/* End PBXSourcesBuildPhase section */

/* Begin PBXVariantGroup section */
		11EAAD2F24EEEC4100BA3690 /* LaunchScreen.storyboard */ = {
			isa = PBXVariantGroup;
			children = (
				11EAAD3024EEEC4100BA3690 /* Base */,
			);
			name = LaunchScreen.storyboard;
			sourceTree = "<group>";
		};
/* End PBXVariantGroup section */

/* Begin XCBuildConfiguration section */
		11EAAD3324EEEC4100BA3690 /* Debug */ = {
			isa = XCBuildConfiguration;
			buildSettings = {
				ALWAYS_SEARCH_USER_PATHS = NO;
				CLANG_ANALYZER_NONNULL = YES;
				CLANG_ANALYZER_NUMBER_OBJECT_CONVERSION = YES_AGGRESSIVE;
				CLANG_CXX_LANGUAGE_STANDARD = "gnu++14";
				CLANG_CXX_LIBRARY = "libc++";
				CLANG_ENABLE_MODULES = YES;
				CLANG_ENABLE_OBJC_ARC = YES;
				CLANG_ENABLE_OBJC_WEAK = YES;
				CLANG_WARN_BLOCK_CAPTURE_AUTORELEASING = YES;
				CLANG_WARN_BOOL_CONVERSION = YES;
				CLANG_WARN_COMMA = YES;
				CLANG_WARN_CONSTANT_CONVERSION = YES;
				CLANG_WARN_DEPRECATED_OBJC_IMPLEMENTATIONS = YES;
				CLANG_WARN_DIRECT_OBJC_ISA_USAGE = YES_ERROR;
				CLANG_WARN_DOCUMENTATION_COMMENTS = YES;
				CLANG_WARN_EMPTY_BODY = YES;
				CLANG_WARN_ENUM_CONVERSION = YES;
				CLANG_WARN_INFINITE_RECURSION = YES;
				CLANG_WARN_INT_CONVERSION = YES;
				CLANG_WARN_NON_LITERAL_NULL_CONVERSION = YES;
				CLANG_WARN_OBJC_IMPLICIT_RETAIN_SELF = YES;
				CLANG_WARN_OBJC_LITERAL_CONVERSION = YES;
				CLANG_WARN_OBJC_ROOT_CLASS = YES_ERROR;
				CLANG_WARN_RANGE_LOOP_ANALYSIS = YES;
				CLANG_WARN_STRICT_PROTOTYPES = YES;
				CLANG_WARN_SUSPICIOUS_MOVE = YES;
				CLANG_WARN_UNGUARDED_AVAILABILITY = YES_AGGRESSIVE;
				CLANG_WARN_UNREACHABLE_CODE = YES;
				CLANG_WARN__DUPLICATE_METHOD_MATCH = YES;
				COPY_PHASE_STRIP = NO;
				DEBUG_INFORMATION_FORMAT = dwarf;
				ENABLE_STRICT_OBJC_MSGSEND = YES;
				ENABLE_TESTABILITY = YES;
				GCC_C_LANGUAGE_STANDARD = gnu11;
				GCC_DYNAMIC_NO_PIC = NO;
				GCC_NO_COMMON_BLOCKS = YES;
				GCC_OPTIMIZATION_LEVEL = 0;
				GCC_PREPROCESSOR_DEFINITIONS = (
					"DEBUG=1",
					"$(inherited)",
				);
				GCC_WARN_64_TO_32_BIT_CONVERSION = YES;
				GCC_WARN_ABOUT_RETURN_TYPE = YES_ERROR;
				GCC_WARN_UNDECLARED_SELECTOR = YES;
				GCC_WARN_UNINITIALIZED_AUTOS = YES_AGGRESSIVE;
				GCC_WARN_UNUSED_FUNCTION = YES;
				GCC_WARN_UNUSED_VARIABLE = YES;
				IPHONEOS_DEPLOYMENT_TARGET = 13.6;
				MTL_ENABLE_DEBUG_INFO = INCLUDE_SOURCE;
				MTL_FAST_MATH = YES;
				ONLY_ACTIVE_ARCH = YES;
				SDKROOT = iphoneos;
				SWIFT_ACTIVE_COMPILATION_CONDITIONS = DEBUG;
				SWIFT_OPTIMIZATION_LEVEL = "-Onone";
			};
			name = Debug;
		};
		11EAAD3424EEEC4100BA3690 /* Release */ = {
			isa = XCBuildConfiguration;
			buildSettings = {
				ALWAYS_SEARCH_USER_PATHS = NO;
				CLANG_ANALYZER_NONNULL = YES;
				CLANG_ANALYZER_NUMBER_OBJECT_CONVERSION = YES_AGGRESSIVE;
				CLANG_CXX_LANGUAGE_STANDARD = "gnu++14";
				CLANG_CXX_LIBRARY = "libc++";
				CLANG_ENABLE_MODULES = YES;
				CLANG_ENABLE_OBJC_ARC = YES;
				CLANG_ENABLE_OBJC_WEAK = YES;
				CLANG_WARN_BLOCK_CAPTURE_AUTORELEASING = YES;
				CLANG_WARN_BOOL_CONVERSION = YES;
				CLANG_WARN_COMMA = YES;
				CLANG_WARN_CONSTANT_CONVERSION = YES;
				CLANG_WARN_DEPRECATED_OBJC_IMPLEMENTATIONS = YES;
				CLANG_WARN_DIRECT_OBJC_ISA_USAGE = YES_ERROR;
				CLANG_WARN_DOCUMENTATION_COMMENTS = YES;
				CLANG_WARN_EMPTY_BODY = YES;
				CLANG_WARN_ENUM_CONVERSION = YES;
				CLANG_WARN_INFINITE_RECURSION = YES;
				CLANG_WARN_INT_CONVERSION = YES;
				CLANG_WARN_NON_LITERAL_NULL_CONVERSION = YES;
				CLANG_WARN_OBJC_IMPLICIT_RETAIN_SELF = YES;
				CLANG_WARN_OBJC_LITERAL_CONVERSION = YES;
				CLANG_WARN_OBJC_ROOT_CLASS = YES_ERROR;
				CLANG_WARN_RANGE_LOOP_ANALYSIS = YES;
				CLANG_WARN_STRICT_PROTOTYPES = YES;
				CLANG_WARN_SUSPICIOUS_MOVE = YES;
				CLANG_WARN_UNGUARDED_AVAILABILITY = YES_AGGRESSIVE;
				CLANG_WARN_UNREACHABLE_CODE = YES;
				CLANG_WARN__DUPLICATE_METHOD_MATCH = YES;
				COPY_PHASE_STRIP = NO;
				DEBUG_INFORMATION_FORMAT = "dwarf-with-dsym";
				ENABLE_NS_ASSERTIONS = NO;
				ENABLE_STRICT_OBJC_MSGSEND = YES;
				GCC_C_LANGUAGE_STANDARD = gnu11;
				GCC_NO_COMMON_BLOCKS = YES;
				GCC_WARN_64_TO_32_BIT_CONVERSION = YES;
				GCC_WARN_ABOUT_RETURN_TYPE = YES_ERROR;
				GCC_WARN_UNDECLARED_SELECTOR = YES;
				GCC_WARN_UNINITIALIZED_AUTOS = YES_AGGRESSIVE;
				GCC_WARN_UNUSED_FUNCTION = YES;
				GCC_WARN_UNUSED_VARIABLE = YES;
				IPHONEOS_DEPLOYMENT_TARGET = 13.6;
				MTL_ENABLE_DEBUG_INFO = NO;
				MTL_FAST_MATH = YES;
				SDKROOT = iphoneos;
				SWIFT_COMPILATION_MODE = wholemodule;
				SWIFT_OPTIMIZATION_LEVEL = "-O";
				VALIDATE_PRODUCT = YES;
			};
			name = Release;
		};
		11EAAD3624EEEC4100BA3690 /* Debug */ = {
			isa = XCBuildConfiguration;
			baseConfigurationReference = 41278FC622D3476A21917B51 /* Pods-iChat.debug.xcconfig */;
			buildSettings = {
				ASSETCATALOG_COMPILER_APPICON_NAME = AppIcon;
				CODE_SIGN_STYLE = Automatic;
				DEVELOPMENT_TEAM = G4SCVQG9P5;
				INFOPLIST_FILE = iChat/Info.plist;
				LD_RUNPATH_SEARCH_PATHS = (
					"$(inherited)",
					"@executable_path/Frameworks",
				);
				PRODUCT_BUNDLE_IDENTIFIER = com.NikitaKravtsov.iChat;
				PRODUCT_NAME = "$(TARGET_NAME)";
				SWIFT_VERSION = 5.0;
				TARGETED_DEVICE_FAMILY = "1,2";
			};
			name = Debug;
		};
		11EAAD3724EEEC4100BA3690 /* Release */ = {
			isa = XCBuildConfiguration;
			baseConfigurationReference = 106F76DE49E487BD816B6B9D /* Pods-iChat.release.xcconfig */;
			buildSettings = {
				ASSETCATALOG_COMPILER_APPICON_NAME = AppIcon;
				CODE_SIGN_STYLE = Automatic;
				DEVELOPMENT_TEAM = G4SCVQG9P5;
				INFOPLIST_FILE = iChat/Info.plist;
				LD_RUNPATH_SEARCH_PATHS = (
					"$(inherited)",
					"@executable_path/Frameworks",
				);
				PRODUCT_BUNDLE_IDENTIFIER = com.NikitaKravtsov.iChat;
				PRODUCT_NAME = "$(TARGET_NAME)";
				SWIFT_VERSION = 5.0;
				TARGETED_DEVICE_FAMILY = "1,2";
			};
			name = Release;
		};
/* End XCBuildConfiguration section */

/* Begin XCConfigurationList section */
		11EAAD1C24EEEC4100BA3690 /* Build configuration list for PBXProject "iChat" */ = {
			isa = XCConfigurationList;
			buildConfigurations = (
				11EAAD3324EEEC4100BA3690 /* Debug */,
				11EAAD3424EEEC4100BA3690 /* Release */,
			);
			defaultConfigurationIsVisible = 0;
			defaultConfigurationName = Release;
		};
		11EAAD3524EEEC4100BA3690 /* Build configuration list for PBXNativeTarget "iChat" */ = {
			isa = XCConfigurationList;
			buildConfigurations = (
				11EAAD3624EEEC4100BA3690 /* Debug */,
				11EAAD3724EEEC4100BA3690 /* Release */,
			);
			defaultConfigurationIsVisible = 0;
			defaultConfigurationName = Release;
		};
/* End XCConfigurationList section */
	};
	rootObject = 11EAAD1924EEEC4100BA3690 /* Project object */;
}
