// !$*UTF8*$!
{
	archiveVersion = 1;
	classes = {
	};
	objectVersion = 50;
	objects = {

/* Begin PBXBuildFile section */
		1142563D24F1D14F00D64745 /* ButtomView.swift in Sources */ = {isa = PBXBuildFile; fileRef = 1142563C24F1D14F00D64745 /* ButtomView.swift */; };
		1142563F24F1DD0100D64745 /* UIStackView + Extension.swift in Sources */ = {isa = PBXBuildFile; fileRef = 1142563E24F1DD0100D64745 /* UIStackView + Extension.swift */; };
		1144BFAF24F3F11500E8AD97 /* LoginViewController.swift in Sources */ = {isa = PBXBuildFile; fileRef = 1144BFAE24F3F11500E8AD97 /* LoginViewController.swift */; };
		1144C51624F2911600D10785 /* SignUpViewController.swift in Sources */ = {isa = PBXBuildFile; fileRef = 1144C51524F2911600D10785 /* SignUpViewController.swift */; };
		1144C51824F296E900D10785 /* OneLineTextField.swift in Sources */ = {isa = PBXBuildFile; fileRef = 1144C51724F296E900D10785 /* OneLineTextField.swift */; };
		1146660224F17CA100281B40 /* UIButton + Extension.swift in Sources */ = {isa = PBXBuildFile; fileRef = 1146660124F17CA100281B40 /* UIButton + Extension.swift */; };
		1146660424F182A900281B40 /* UIFont + Extension.swift in Sources */ = {isa = PBXBuildFile; fileRef = 1146660324F182A900281B40 /* UIFont + Extension.swift */; };
		1146660624F187ED00281B40 /* UIColor + Extension.swift in Sources */ = {isa = PBXBuildFile; fileRef = 1146660524F187ED00281B40 /* UIColor + Extension.swift */; };
		1146660824F18B0900281B40 /* UILabel + Extension.swift in Sources */ = {isa = PBXBuildFile; fileRef = 1146660724F18B0900281B40 /* UILabel + Extension.swift */; };
		1146660A24F18C9A00281B40 /* UIImageView + Extension.swift in Sources */ = {isa = PBXBuildFile; fileRef = 1146660924F18C9A00281B40 /* UIImageView + Extension.swift */; };
		11EAAD2524EEEC4100BA3690 /* AppDelegate.swift in Sources */ = {isa = PBXBuildFile; fileRef = 11EAAD2424EEEC4100BA3690 /* AppDelegate.swift */; };
		11EAAD2724EEEC4100BA3690 /* SceneDelegate.swift in Sources */ = {isa = PBXBuildFile; fileRef = 11EAAD2624EEEC4100BA3690 /* SceneDelegate.swift */; };
		11EAAD2924EEEC4100BA3690 /* AuthViewController.swift in Sources */ = {isa = PBXBuildFile; fileRef = 11EAAD2824EEEC4100BA3690 /* AuthViewController.swift */; };
		11EAAD2E24EEEC4100BA3690 /* Assets.xcassets in Resources */ = {isa = PBXBuildFile; fileRef = 11EAAD2D24EEEC4100BA3690 /* Assets.xcassets */; };
		11EAAD3124EEEC4100BA3690 /* LaunchScreen.storyboard in Resources */ = {isa = PBXBuildFile; fileRef = 11EAAD2F24EEEC4100BA3690 /* LaunchScreen.storyboard */; };
/* End PBXBuildFile section */

/* Begin PBXFileReference section */
		1142563C24F1D14F00D64745 /* ButtomView.swift */ = {isa = PBXFileReference; lastKnownFileType = sourcecode.swift; path = ButtomView.swift; sourceTree = "<group>"; };
		1142563E24F1DD0100D64745 /* UIStackView + Extension.swift */ = {isa = PBXFileReference; lastKnownFileType = sourcecode.swift; path = "UIStackView + Extension.swift"; sourceTree = "<group>"; };
		1144BFAE24F3F11500E8AD97 /* LoginViewController.swift */ = {isa = PBXFileReference; lastKnownFileType = sourcecode.swift; path = LoginViewController.swift; sourceTree = "<group>"; };
		1144C51524F2911600D10785 /* SignUpViewController.swift */ = {isa = PBXFileReference; lastKnownFileType = sourcecode.swift; path = SignUpViewController.swift; sourceTree = "<group>"; };
		1144C51724F296E900D10785 /* OneLineTextField.swift */ = {isa = PBXFileReference; lastKnownFileType = sourcecode.swift; path = OneLineTextField.swift; sourceTree = "<group>"; };
		1146660124F17CA100281B40 /* UIButton + Extension.swift */ = {isa = PBXFileReference; lastKnownFileType = sourcecode.swift; path = "UIButton + Extension.swift"; sourceTree = "<group>"; };
		1146660324F182A900281B40 /* UIFont + Extension.swift */ = {isa = PBXFileReference; lastKnownFileType = sourcecode.swift; path = "UIFont + Extension.swift"; sourceTree = "<group>"; };
		1146660524F187ED00281B40 /* UIColor + Extension.swift */ = {isa = PBXFileReference; lastKnownFileType = sourcecode.swift; path = "UIColor + Extension.swift"; sourceTree = "<group>"; };
		1146660724F18B0900281B40 /* UILabel + Extension.swift */ = {isa = PBXFileReference; lastKnownFileType = sourcecode.swift; path = "UILabel + Extension.swift"; sourceTree = "<group>"; };
		1146660924F18C9A00281B40 /* UIImageView + Extension.swift */ = {isa = PBXFileReference; lastKnownFileType = sourcecode.swift; path = "UIImageView + Extension.swift"; sourceTree = "<group>"; };
		11EAAD2124EEEC4100BA3690 /* iChat.app */ = {isa = PBXFileReference; explicitFileType = wrapper.application; includeInIndex = 0; path = iChat.app; sourceTree = BUILT_PRODUCTS_DIR; };
		11EAAD2424EEEC4100BA3690 /* AppDelegate.swift */ = {isa = PBXFileReference; lastKnownFileType = sourcecode.swift; path = AppDelegate.swift; sourceTree = "<group>"; };
		11EAAD2624EEEC4100BA3690 /* SceneDelegate.swift */ = {isa = PBXFileReference; lastKnownFileType = sourcecode.swift; path = SceneDelegate.swift; sourceTree = "<group>"; };
		11EAAD2824EEEC4100BA3690 /* AuthViewController.swift */ = {isa = PBXFileReference; lastKnownFileType = sourcecode.swift; path = AuthViewController.swift; sourceTree = "<group>"; };
		11EAAD2D24EEEC4100BA3690 /* Assets.xcassets */ = {isa = PBXFileReference; lastKnownFileType = folder.assetcatalog; path = Assets.xcassets; sourceTree = "<group>"; };
		11EAAD3024EEEC4100BA3690 /* Base */ = {isa = PBXFileReference; lastKnownFileType = file.storyboard; name = Base; path = Base.lproj/LaunchScreen.storyboard; sourceTree = "<group>"; };
		11EAAD3224EEEC4100BA3690 /* Info.plist */ = {isa = PBXFileReference; lastKnownFileType = text.plist.xml; path = Info.plist; sourceTree = "<group>"; };
/* End PBXFileReference section */

/* Begin PBXFrameworksBuildPhase section */
		11EAAD1E24EEEC4100BA3690 /* Frameworks */ = {
			isa = PBXFrameworksBuildPhase;
			buildActionMask = 2147483647;
			files = (
			);
			runOnlyForDeploymentPostprocessing = 0;
		};
/* End PBXFrameworksBuildPhase section */

/* Begin PBXGroup section */
		1142563A24F1C8D600D64745 /* UIKit */ = {
			isa = PBXGroup;
			children = (
				1146660124F17CA100281B40 /* UIButton + Extension.swift */,
				1146660324F182A900281B40 /* UIFont + Extension.swift */,
				1146660524F187ED00281B40 /* UIColor + Extension.swift */,
				1146660724F18B0900281B40 /* UILabel + Extension.swift */,
				1146660924F18C9A00281B40 /* UIImageView + Extension.swift */,
				1142563E24F1DD0100D64745 /* UIStackView + Extension.swift */,
			);
			path = UIKit;
			sourceTree = "<group>";
		};
		1142563B24F1C8EB00D64745 /* Extensions */ = {
			isa = PBXGroup;
			children = (
				1142563C24F1D14F00D64745 /* ButtomView.swift */,
				1144C51724F296E900D10785 /* OneLineTextField.swift */,
				1142563A24F1C8D600D64745 /* UIKit */,
			);
			path = Extensions;
			sourceTree = "<group>";
		};
		11EAAD1824EEEC4100BA3690 = {
			isa = PBXGroup;
			children = (
				11EAAD2324EEEC4100BA3690 /* iChat */,
				11EAAD2224EEEC4100BA3690 /* Products */,
			);
			sourceTree = "<group>";
		};
		11EAAD2224EEEC4100BA3690 /* Products */ = {
			isa = PBXGroup;
			children = (
				11EAAD2124EEEC4100BA3690 /* iChat.app */,
			);
			name = Products;
			sourceTree = "<group>";
		};
		11EAAD2324EEEC4100BA3690 /* iChat */ = {
			isa = PBXGroup;
			children = (
				11EAAD2424EEEC4100BA3690 /* AppDelegate.swift */,
				11EAAD2624EEEC4100BA3690 /* SceneDelegate.swift */,
				11EAAD2824EEEC4100BA3690 /* AuthViewController.swift */,
				1144C51524F2911600D10785 /* SignUpViewController.swift */,
				1144BFAE24F3F11500E8AD97 /* LoginViewController.swift */,
				1142563B24F1C8EB00D64745 /* Extensions */,
				11EAAD2D24EEEC4100BA3690 /* Assets.xcassets */,
				11EAAD2F24EEEC4100BA3690 /* LaunchScreen.storyboard */,
				11EAAD3224EEEC4100BA3690 /* Info.plist */,
			);
			path = iChat;
			sourceTree = "<group>";
		};
/* End PBXGroup section */

/* Begin PBXNativeTarget section */
		11EAAD2024EEEC4100BA3690 /* iChat */ = {
			isa = PBXNativeTarget;
			buildConfigurationList = 11EAAD3524EEEC4100BA3690 /* Build configuration list for PBXNativeTarget "iChat" */;
			buildPhases = (
				11EAAD1D24EEEC4100BA3690 /* Sources */,
				11EAAD1E24EEEC4100BA3690 /* Frameworks */,
				11EAAD1F24EEEC4100BA3690 /* Resources */,
			);
			buildRules = (
			);
			dependencies = (
			);
			name = iChat;
			productName = iChat;
			productReference = 11EAAD2124EEEC4100BA3690 /* iChat.app */;
			productType = "com.apple.product-type.application";
		};
/* End PBXNativeTarget section */

/* Begin PBXProject section */
		11EAAD1924EEEC4100BA3690 /* Project object */ = {
			isa = PBXProject;
			attributes = {
				LastSwiftUpdateCheck = 1160;
				LastUpgradeCheck = 1160;
				ORGANIZATIONNAME = "Никита";
				TargetAttributes = {
					11EAAD2024EEEC4100BA3690 = {
						CreatedOnToolsVersion = 11.6;
					};
				};
			};
			buildConfigurationList = 11EAAD1C24EEEC4100BA3690 /* Build configuration list for PBXProject "iChat" */;
			compatibilityVersion = "Xcode 9.3";
			developmentRegion = en;
			hasScannedForEncodings = 0;
			knownRegions = (
				en,
				Base,
			);
			mainGroup = 11EAAD1824EEEC4100BA3690;
			productRefGroup = 11EAAD2224EEEC4100BA3690 /* Products */;
			projectDirPath = "";
			projectRoot = "";
			targets = (
				11EAAD2024EEEC4100BA3690 /* iChat */,
			);
		};
/* End PBXProject section */

/* Begin PBXResourcesBuildPhase section */
		11EAAD1F24EEEC4100BA3690 /* Resources */ = {
			isa = PBXResourcesBuildPhase;
			buildActionMask = 2147483647;
			files = (
				11EAAD3124EEEC4100BA3690 /* LaunchScreen.storyboard in Resources */,
				11EAAD2E24EEEC4100BA3690 /* Assets.xcassets in Resources */,
			);
			runOnlyForDeploymentPostprocessing = 0;
		};
/* End PBXResourcesBuildPhase section */

/* Begin PBXSourcesBuildPhase section */
		11EAAD1D24EEEC4100BA3690 /* Sources */ = {
			isa = PBXSourcesBuildPhase;
			buildActionMask = 2147483647;
			files = (
				1144C51624F2911600D10785 /* SignUpViewController.swift in Sources */,
				1146660424F182A900281B40 /* UIFont + Extension.swift in Sources */,
				1142563D24F1D14F00D64745 /* ButtomView.swift in Sources */,
				11EAAD2924EEEC4100BA3690 /* AuthViewController.swift in Sources */,
				1144C51824F296E900D10785 /* OneLineTextField.swift in Sources */,
				1142563F24F1DD0100D64745 /* UIStackView + Extension.swift in Sources */,
				11EAAD2524EEEC4100BA3690 /* AppDelegate.swift in Sources */,
				1146660824F18B0900281B40 /* UILabel + Extension.swift in Sources */,
				1146660A24F18C9A00281B40 /* UIImageView + Extension.swift in Sources */,
				1146660624F187ED00281B40 /* UIColor + Extension.swift in Sources */,
				11EAAD2724EEEC4100BA3690 /* SceneDelegate.swift in Sources */,
				1144BFAF24F3F11500E8AD97 /* LoginViewController.swift in Sources */,
				1146660224F17CA100281B40 /* UIButton + Extension.swift in Sources */,
			);
			runOnlyForDeploymentPostprocessing = 0;
		};
/* End PBXSourcesBuildPhase section */

/* Begin PBXVariantGroup section */
		11EAAD2F24EEEC4100BA3690 /* LaunchScreen.storyboard */ = {
			isa = PBXVariantGroup;
			children = (
				11EAAD3024EEEC4100BA3690 /* Base */,
			);
			name = LaunchScreen.storyboard;
			sourceTree = "<group>";
		};
/* End PBXVariantGroup section */

/* Begin XCBuildConfiguration section */
		11EAAD3324EEEC4100BA3690 /* Debug */ = {
			isa = XCBuildConfiguration;
			buildSettings = {
				ALWAYS_SEARCH_USER_PATHS = NO;
				CLANG_ANALYZER_NONNULL = YES;
				CLANG_ANALYZER_NUMBER_OBJECT_CONVERSION = YES_AGGRESSIVE;
				CLANG_CXX_LANGUAGE_STANDARD = "gnu++14";
				CLANG_CXX_LIBRARY = "libc++";
				CLANG_ENABLE_MODULES = YES;
				CLANG_ENABLE_OBJC_ARC = YES;
				CLANG_ENABLE_OBJC_WEAK = YES;
				CLANG_WARN_BLOCK_CAPTURE_AUTORELEASING = YES;
				CLANG_WARN_BOOL_CONVERSION = YES;
				CLANG_WARN_COMMA = YES;
				CLANG_WARN_CONSTANT_CONVERSION = YES;
				CLANG_WARN_DEPRECATED_OBJC_IMPLEMENTATIONS = YES;
				CLANG_WARN_DIRECT_OBJC_ISA_USAGE = YES_ERROR;
				CLANG_WARN_DOCUMENTATION_COMMENTS = YES;
				CLANG_WARN_EMPTY_BODY = YES;
				CLANG_WARN_ENUM_CONVERSION = YES;
				CLANG_WARN_INFINITE_RECURSION = YES;
				CLANG_WARN_INT_CONVERSION = YES;
				CLANG_WARN_NON_LITERAL_NULL_CONVERSION = YES;
				CLANG_WARN_OBJC_IMPLICIT_RETAIN_SELF = YES;
				CLANG_WARN_OBJC_LITERAL_CONVERSION = YES;
				CLANG_WARN_OBJC_ROOT_CLASS = YES_ERROR;
				CLANG_WARN_RANGE_LOOP_ANALYSIS = YES;
				CLANG_WARN_STRICT_PROTOTYPES = YES;
				CLANG_WARN_SUSPICIOUS_MOVE = YES;
				CLANG_WARN_UNGUARDED_AVAILABILITY = YES_AGGRESSIVE;
				CLANG_WARN_UNREACHABLE_CODE = YES;
				CLANG_WARN__DUPLICATE_METHOD_MATCH = YES;
				COPY_PHASE_STRIP = NO;
				DEBUG_INFORMATION_FORMAT = dwarf;
				ENABLE_STRICT_OBJC_MSGSEND = YES;
				ENABLE_TESTABILITY = YES;
				GCC_C_LANGUAGE_STANDARD = gnu11;
				GCC_DYNAMIC_NO_PIC = NO;
				GCC_NO_COMMON_BLOCKS = YES;
				GCC_OPTIMIZATION_LEVEL = 0;
				GCC_PREPROCESSOR_DEFINITIONS = (
					"DEBUG=1",
					"$(inherited)",
				);
				GCC_WARN_64_TO_32_BIT_CONVERSION = YES;
				GCC_WARN_ABOUT_RETURN_TYPE = YES_ERROR;
				GCC_WARN_UNDECLARED_SELECTOR = YES;
				GCC_WARN_UNINITIALIZED_AUTOS = YES_AGGRESSIVE;
				GCC_WARN_UNUSED_FUNCTION = YES;
				GCC_WARN_UNUSED_VARIABLE = YES;
				IPHONEOS_DEPLOYMENT_TARGET = 13.6;
				MTL_ENABLE_DEBUG_INFO = INCLUDE_SOURCE;
				MTL_FAST_MATH = YES;
				ONLY_ACTIVE_ARCH = YES;
				SDKROOT = iphoneos;
				SWIFT_ACTIVE_COMPILATION_CONDITIONS = DEBUG;
				SWIFT_OPTIMIZATION_LEVEL = "-Onone";
			};
			name = Debug;
		};
		11EAAD3424EEEC4100BA3690 /* Release */ = {
			isa = XCBuildConfiguration;
			buildSettings = {
				ALWAYS_SEARCH_USER_PATHS = NO;
				CLANG_ANALYZER_NONNULL = YES;
				CLANG_ANALYZER_NUMBER_OBJECT_CONVERSION = YES_AGGRESSIVE;
				CLANG_CXX_LANGUAGE_STANDARD = "gnu++14";
				CLANG_CXX_LIBRARY = "libc++";
				CLANG_ENABLE_MODULES = YES;
				CLANG_ENABLE_OBJC_ARC = YES;
				CLANG_ENABLE_OBJC_WEAK = YES;
				CLANG_WARN_BLOCK_CAPTURE_AUTORELEASING = YES;
				CLANG_WARN_BOOL_CONVERSION = YES;
				CLANG_WARN_COMMA = YES;
				CLANG_WARN_CONSTANT_CONVERSION = YES;
				CLANG_WARN_DEPRECATED_OBJC_IMPLEMENTATIONS = YES;
				CLANG_WARN_DIRECT_OBJC_ISA_USAGE = YES_ERROR;
				CLANG_WARN_DOCUMENTATION_COMMENTS = YES;
				CLANG_WARN_EMPTY_BODY = YES;
				CLANG_WARN_ENUM_CONVERSION = YES;
				CLANG_WARN_INFINITE_RECURSION = YES;
				CLANG_WARN_INT_CONVERSION = YES;
				CLANG_WARN_NON_LITERAL_NULL_CONVERSION = YES;
				CLANG_WARN_OBJC_IMPLICIT_RETAIN_SELF = YES;
				CLANG_WARN_OBJC_LITERAL_CONVERSION = YES;
				CLANG_WARN_OBJC_ROOT_CLASS = YES_ERROR;
				CLANG_WARN_RANGE_LOOP_ANALYSIS = YES;
				CLANG_WARN_STRICT_PROTOTYPES = YES;
				CLANG_WARN_SUSPICIOUS_MOVE = YES;
				CLANG_WARN_UNGUARDED_AVAILABILITY = YES_AGGRESSIVE;
				CLANG_WARN_UNREACHABLE_CODE = YES;
				CLANG_WARN__DUPLICATE_METHOD_MATCH = YES;
				COPY_PHASE_STRIP = NO;
				DEBUG_INFORMATION_FORMAT = "dwarf-with-dsym";
				ENABLE_NS_ASSERTIONS = NO;
				ENABLE_STRICT_OBJC_MSGSEND = YES;
				GCC_C_LANGUAGE_STANDARD = gnu11;
				GCC_NO_COMMON_BLOCKS = YES;
				GCC_WARN_64_TO_32_BIT_CONVERSION = YES;
				GCC_WARN_ABOUT_RETURN_TYPE = YES_ERROR;
				GCC_WARN_UNDECLARED_SELECTOR = YES;
				GCC_WARN_UNINITIALIZED_AUTOS = YES_AGGRESSIVE;
				GCC_WARN_UNUSED_FUNCTION = YES;
				GCC_WARN_UNUSED_VARIABLE = YES;
				IPHONEOS_DEPLOYMENT_TARGET = 13.6;
				MTL_ENABLE_DEBUG_INFO = NO;
				MTL_FAST_MATH = YES;
				SDKROOT = iphoneos;
				SWIFT_COMPILATION_MODE = wholemodule;
				SWIFT_OPTIMIZATION_LEVEL = "-O";
				VALIDATE_PRODUCT = YES;
			};
			name = Release;
		};
		11EAAD3624EEEC4100BA3690 /* Debug */ = {
			isa = XCBuildConfiguration;
			buildSettings = {
				ASSETCATALOG_COMPILER_APPICON_NAME = AppIcon;
				CODE_SIGN_STYLE = Automatic;
				DEVELOPMENT_TEAM = G4SCVQG9P5;
				INFOPLIST_FILE = iChat/Info.plist;
				LD_RUNPATH_SEARCH_PATHS = (
					"$(inherited)",
					"@executable_path/Frameworks",
				);
				PRODUCT_BUNDLE_IDENTIFIER = com.NikitaKravtsov.iChat;
				PRODUCT_NAME = "$(TARGET_NAME)";
				SWIFT_VERSION = 5.0;
				TARGETED_DEVICE_FAMILY = "1,2";
			};
			name = Debug;
		};
		11EAAD3724EEEC4100BA3690 /* Release */ = {
			isa = XCBuildConfiguration;
			buildSettings = {
				ASSETCATALOG_COMPILER_APPICON_NAME = AppIcon;
				CODE_SIGN_STYLE = Automatic;
				DEVELOPMENT_TEAM = G4SCVQG9P5;
				INFOPLIST_FILE = iChat/Info.plist;
				LD_RUNPATH_SEARCH_PATHS = (
					"$(inherited)",
					"@executable_path/Frameworks",
				);
				PRODUCT_BUNDLE_IDENTIFIER = com.NikitaKravtsov.iChat;
				PRODUCT_NAME = "$(TARGET_NAME)";
				SWIFT_VERSION = 5.0;
				TARGETED_DEVICE_FAMILY = "1,2";
			};
			name = Release;
		};
/* End XCBuildConfiguration section */

/* Begin XCConfigurationList section */
		11EAAD1C24EEEC4100BA3690 /* Build configuration list for PBXProject "iChat" */ = {
			isa = XCConfigurationList;
			buildConfigurations = (
				11EAAD3324EEEC4100BA3690 /* Debug */,
				11EAAD3424EEEC4100BA3690 /* Release */,
			);
			defaultConfigurationIsVisible = 0;
			defaultConfigurationName = Release;
		};
		11EAAD3524EEEC4100BA3690 /* Build configuration list for PBXNativeTarget "iChat" */ = {
			isa = XCConfigurationList;
			buildConfigurations = (
				11EAAD3624EEEC4100BA3690 /* Debug */,
				11EAAD3724EEEC4100BA3690 /* Release */,
			);
			defaultConfigurationIsVisible = 0;
			defaultConfigurationName = Release;
		};
/* End XCConfigurationList section */
	};
	rootObject = 11EAAD1924EEEC4100BA3690 /* Project object */;
}
